
Microsoft Visual Studio Solution File, Format Version 12.00
Project("{FAE04EC0-301F-11D3-BF4B-00C04F79EFBC}") = "Tools", "Tools\Tools.csproj", "{66029502-0BA9-497B-868D-00F7533CE8FA}"
EndProject
Project("{FAE04EC0-301F-11D3-BF4B-00C04F79EFBC}") = "A23D1", "A23D1\A23D1.csproj", "{8DBF9512-5BB0-490F-A920-DC07766EB26B}"
EndProject
Project("{FAE04EC0-301F-11D3-BF4B-00C04F79EFBC}") = "A23D2", "A23D2\A23D2.csproj", "{B648B1E1-3302-4F7F-AA14-6AD877CCD785}"
EndProject
Project("{FAE04EC0-301F-11D3-BF4B-00C04F79EFBC}") = "A23D3", "A23D3\A23D3.csproj", "{234FC3C1-DFCA-4FE8-815B-7C12FE1885B4}"
EndProject
Project("{FAE04EC0-301F-11D3-BF4B-00C04F79EFBC}") = "A23D4", "A23D4\A23D4.csproj", "{2B7E53A4-9375-4A9E-B205-8323415B62D2}"
EndProject
Project("{FAE04EC0-301F-11D3-BF4B-00C04F79EFBC}") = "A23D5", "A23D5\A23D5.csproj", "{1C2E9372-E2EE-46CB-B3E3-1A1F639BFB19}"
EndProject
Project("{FAE04EC0-301F-11D3-BF4B-00C04F79EFBC}") = "A23D8Part2", "A23D8Part2\A23D8Part2.csproj", "{FD713777-A03F-43D5-ADCC-77CF7AFC80FE}"
EndProject
Project("{FAE04EC0-301F-11D3-BF4B-00C04F79EFBC}") = "A23D6", "A23D6\A23D6.csproj", "{DA8B29C2-C4DF-4BD5-B992-38E5690CA523}"
EndProject
Project("{FAE04EC0-301F-11D3-BF4B-00C04F79EFBC}") = "A23D7", "A23D7\A23D7.csproj", "{821852A1-8D70-49EF-AD2D-DCDB95E2F0E2}"
EndProject
Project("{FAE04EC0-301F-11D3-BF4B-00C04F79EFBC}") = "A23D8", "A23D8\A23D8.csproj", "{C0BE3AAB-CA2E-4F72-BFE9-F9E70C589462}"
EndProject
Project("{FAE04EC0-301F-11D3-BF4B-00C04F79EFBC}") = "A23D9", "A23D9\A23D9.csproj", "{5D671DAC-1B7D-415D-A267-0EEDC9CA23B3}"
EndProject
Project("{FAE04EC0-301F-11D3-BF4B-00C04F79EFBC}") = "A23D10", "A23D10\A23D10.csproj", "{AB28659B-D71C-4915-9B8D-E6899FC788CA}"
EndProject
Project("{FAE04EC0-301F-11D3-BF4B-00C04F79EFBC}") = "A23D11", "A23D11\A23D11.csproj", "{C74AE309-C415-4607-9B4E-C3F1DF70BC68}"
EndProject
Project("{FAE04EC0-301F-11D3-BF4B-00C04F79EFBC}") = "A23D13", "A23D13\A23D13.csproj", "{CFCDAAA6-188F-4340-89DF-F2D9D79AF97F}"
EndProject
Project("{FAE04EC0-301F-11D3-BF4B-00C04F79EFBC}") = "A23D14", "A23D14\A23D14.csproj", "{A3539642-D389-4101-B4BE-B855B3D3C196}"
EndProject
Project("{FAE04EC0-301F-11D3-BF4B-00C04F79EFBC}") = "A23D15", "A23D15\A23D15.csproj", "{D1D9BC0C-03B5-4094-B21E-CD36F2A93E1B}"
EndProject
Project("{FAE04EC0-301F-11D3-BF4B-00C04F79EFBC}") = "A23D16", "A23D16\A23D16.csproj", "{C32014F2-E420-4AE9-BF38-01806FE708C5}"
EndProject
Project("{FAE04EC0-301F-11D3-BF4B-00C04F79EFBC}") = "A23D17", "A23D17\A23D17.csproj", "{82A1A747-57FC-4EC0-B42A-EF23AB39A909}"
EndProject
Project("{FAE04EC0-301F-11D3-BF4B-00C04F79EFBC}") = "A23D18", "A23D18\A23D18.csproj", "{C23CA96C-FA33-4164-A2F5-E13BB2496FFB}"
EndProject
Project("{FAE04EC0-301F-11D3-BF4B-00C04F79EFBC}") = "A23D19", "A23D19\A23D19.csproj", "{E7734185-B93D-4DD8-B0ED-C34609DA1984}"
EndProject
Project("{FAE04EC0-301F-11D3-BF4B-00C04F79EFBC}") = "A23d20", "A23d20\A23d20.csproj", "{78E7B1B7-FD40-4F4D-BCED-55F7C48049E3}"
EndProject
Project("{FAE04EC0-301F-11D3-BF4B-00C04F79EFBC}") = "A23D22", "A23D22\A23D22.csproj", "{FF06C8DC-785B-49D0-BC88-AA3611C821F1}"
EndProject
Project("{FAE04EC0-301F-11D3-BF4B-00C04F79EFBC}") = "A23D24", "A23D24\A23D24.csproj", "{FBD4C6D0-E7AC-4C03-A768-637C8A00C403}"
EndProject
Project("{FAE04EC0-301F-11D3-BF4B-00C04F79EFBC}") = "A23D25", "A23D25\A23D25.csproj", "{498C8A7C-9E35-481A-8EEB-5175B3027441}"
EndProject
Project("{FAE04EC0-301F-11D3-BF4B-00C04F79EFBC}") = "A23D7Part1", "A23D7Part1\A23D7Part1.csproj", "{2D86876B-CDC6-4DBA-B855-51DED0B21C52}"
EndProject
Project("{FAE04EC0-301F-11D3-BF4B-00C04F79EFBC}") = "A23D12", "A23D12\A23D12.csproj", "{B0060296-5BB0-45BF-A4D6-F041C09109A7}"
EndProject
Project("{FAE04EC0-301F-11D3-BF4B-00C04F79EFBC}") = "A23D21", "A23D21\A23D21.csproj", "{6D7AE56E-C2F7-48CE-A4C0-8FAFAA225B7F}"
EndProject
Project("{FAE04EC0-301F-11D3-BF4B-00C04F79EFBC}") = "A23D23", "A23D23\A23D23.csproj", "{954924FB-9CE1-4A6E-BBCA-E84F17CF31F1}"
EndProject
Global
	GlobalSection(SolutionConfigurationPlatforms) = preSolution
		Debug|Any CPU = Debug|Any CPU
		Release|Any CPU = Release|Any CPU
	EndGlobalSection
	GlobalSection(ProjectConfigurationPlatforms) = postSolution
		{66029502-0BA9-497B-868D-00F7533CE8FA}.Debug|Any CPU.ActiveCfg = Debug|Any CPU
		{66029502-0BA9-497B-868D-00F7533CE8FA}.Debug|Any CPU.Build.0 = Debug|Any CPU
		{66029502-0BA9-497B-868D-00F7533CE8FA}.Release|Any CPU.ActiveCfg = Release|Any CPU
		{66029502-0BA9-497B-868D-00F7533CE8FA}.Release|Any CPU.Build.0 = Release|Any CPU
		{8DBF9512-5BB0-490F-A920-DC07766EB26B}.Debug|Any CPU.ActiveCfg = Debug|Any CPU
		{8DBF9512-5BB0-490F-A920-DC07766EB26B}.Debug|Any CPU.Build.0 = Debug|Any CPU
		{8DBF9512-5BB0-490F-A920-DC07766EB26B}.Release|Any CPU.ActiveCfg = Release|Any CPU
		{8DBF9512-5BB0-490F-A920-DC07766EB26B}.Release|Any CPU.Build.0 = Release|Any CPU
		{B648B1E1-3302-4F7F-AA14-6AD877CCD785}.Debug|Any CPU.ActiveCfg = Debug|Any CPU
		{B648B1E1-3302-4F7F-AA14-6AD877CCD785}.Debug|Any CPU.Build.0 = Debug|Any CPU
		{B648B1E1-3302-4F7F-AA14-6AD877CCD785}.Release|Any CPU.ActiveCfg = Release|Any CPU
		{B648B1E1-3302-4F7F-AA14-6AD877CCD785}.Release|Any CPU.Build.0 = Release|Any CPU
		{234FC3C1-DFCA-4FE8-815B-7C12FE1885B4}.Debug|Any CPU.ActiveCfg = Debug|Any CPU
		{234FC3C1-DFCA-4FE8-815B-7C12FE1885B4}.Debug|Any CPU.Build.0 = Debug|Any CPU
		{234FC3C1-DFCA-4FE8-815B-7C12FE1885B4}.Release|Any CPU.ActiveCfg = Release|Any CPU
		{234FC3C1-DFCA-4FE8-815B-7C12FE1885B4}.Release|Any CPU.Build.0 = Release|Any CPU
		{2B7E53A4-9375-4A9E-B205-8323415B62D2}.Debug|Any CPU.ActiveCfg = Debug|Any CPU
		{2B7E53A4-9375-4A9E-B205-8323415B62D2}.Debug|Any CPU.Build.0 = Debug|Any CPU
		{2B7E53A4-9375-4A9E-B205-8323415B62D2}.Release|Any CPU.ActiveCfg = Release|Any CPU
		{2B7E53A4-9375-4A9E-B205-8323415B62D2}.Release|Any CPU.Build.0 = Release|Any CPU
		{1C2E9372-E2EE-46CB-B3E3-1A1F639BFB19}.Debug|Any CPU.ActiveCfg = Debug|Any CPU
		{1C2E9372-E2EE-46CB-B3E3-1A1F639BFB19}.Debug|Any CPU.Build.0 = Debug|Any CPU
		{1C2E9372-E2EE-46CB-B3E3-1A1F639BFB19}.Release|Any CPU.ActiveCfg = Release|Any CPU
		{1C2E9372-E2EE-46CB-B3E3-1A1F639BFB19}.Release|Any CPU.Build.0 = Release|Any CPU
		{FD713777-A03F-43D5-ADCC-77CF7AFC80FE}.Debug|Any CPU.ActiveCfg = Debug|Any CPU
		{FD713777-A03F-43D5-ADCC-77CF7AFC80FE}.Debug|Any CPU.Build.0 = Debug|Any CPU
		{FD713777-A03F-43D5-ADCC-77CF7AFC80FE}.Release|Any CPU.ActiveCfg = Release|Any CPU
		{FD713777-A03F-43D5-ADCC-77CF7AFC80FE}.Release|Any CPU.Build.0 = Release|Any CPU
		{DA8B29C2-C4DF-4BD5-B992-38E5690CA523}.Debug|Any CPU.ActiveCfg = Debug|Any CPU
		{DA8B29C2-C4DF-4BD5-B992-38E5690CA523}.Debug|Any CPU.Build.0 = Debug|Any CPU
		{DA8B29C2-C4DF-4BD5-B992-38E5690CA523}.Release|Any CPU.ActiveCfg = Release|Any CPU
		{DA8B29C2-C4DF-4BD5-B992-38E5690CA523}.Release|Any CPU.Build.0 = Release|Any CPU
		{821852A1-8D70-49EF-AD2D-DCDB95E2F0E2}.Debug|Any CPU.ActiveCfg = Debug|Any CPU
		{821852A1-8D70-49EF-AD2D-DCDB95E2F0E2}.Debug|Any CPU.Build.0 = Debug|Any CPU
		{821852A1-8D70-49EF-AD2D-DCDB95E2F0E2}.Release|Any CPU.ActiveCfg = Release|Any CPU
		{821852A1-8D70-49EF-AD2D-DCDB95E2F0E2}.Release|Any CPU.Build.0 = Release|Any CPU
		{C0BE3AAB-CA2E-4F72-BFE9-F9E70C589462}.Debug|Any CPU.ActiveCfg = Debug|Any CPU
		{C0BE3AAB-CA2E-4F72-BFE9-F9E70C589462}.Debug|Any CPU.Build.0 = Debug|Any CPU
		{C0BE3AAB-CA2E-4F72-BFE9-F9E70C589462}.Release|Any CPU.ActiveCfg = Release|Any CPU
		{C0BE3AAB-CA2E-4F72-BFE9-F9E70C589462}.Release|Any CPU.Build.0 = Release|Any CPU
		{5D671DAC-1B7D-415D-A267-0EEDC9CA23B3}.Debug|Any CPU.ActiveCfg = Debug|Any CPU
		{5D671DAC-1B7D-415D-A267-0EEDC9CA23B3}.Debug|Any CPU.Build.0 = Debug|Any CPU
		{5D671DAC-1B7D-415D-A267-0EEDC9CA23B3}.Release|Any CPU.ActiveCfg = Release|Any CPU
		{5D671DAC-1B7D-415D-A267-0EEDC9CA23B3}.Release|Any CPU.Build.0 = Release|Any CPU
		{AB28659B-D71C-4915-9B8D-E6899FC788CA}.Debug|Any CPU.ActiveCfg = Debug|Any CPU
		{AB28659B-D71C-4915-9B8D-E6899FC788CA}.Debug|Any CPU.Build.0 = Debug|Any CPU
		{AB28659B-D71C-4915-9B8D-E6899FC788CA}.Release|Any CPU.ActiveCfg = Release|Any CPU
		{AB28659B-D71C-4915-9B8D-E6899FC788CA}.Release|Any CPU.Build.0 = Release|Any CPU
		{C74AE309-C415-4607-9B4E-C3F1DF70BC68}.Debug|Any CPU.ActiveCfg = Debug|Any CPU
		{C74AE309-C415-4607-9B4E-C3F1DF70BC68}.Debug|Any CPU.Build.0 = Debug|Any CPU
		{C74AE309-C415-4607-9B4E-C3F1DF70BC68}.Release|Any CPU.ActiveCfg = Release|Any CPU
		{C74AE309-C415-4607-9B4E-C3F1DF70BC68}.Release|Any CPU.Build.0 = Release|Any CPU
		{CFCDAAA6-188F-4340-89DF-F2D9D79AF97F}.Debug|Any CPU.ActiveCfg = Debug|Any CPU
		{CFCDAAA6-188F-4340-89DF-F2D9D79AF97F}.Debug|Any CPU.Build.0 = Debug|Any CPU
		{CFCDAAA6-188F-4340-89DF-F2D9D79AF97F}.Release|Any CPU.ActiveCfg = Release|Any CPU
		{CFCDAAA6-188F-4340-89DF-F2D9D79AF97F}.Release|Any CPU.Build.0 = Release|Any CPU
		{A3539642-D389-4101-B4BE-B855B3D3C196}.Debug|Any CPU.ActiveCfg = Debug|Any CPU
		{A3539642-D389-4101-B4BE-B855B3D3C196}.Debug|Any CPU.Build.0 = Debug|Any CPU
		{A3539642-D389-4101-B4BE-B855B3D3C196}.Release|Any CPU.ActiveCfg = Release|Any CPU
		{A3539642-D389-4101-B4BE-B855B3D3C196}.Release|Any CPU.Build.0 = Release|Any CPU
		{D1D9BC0C-03B5-4094-B21E-CD36F2A93E1B}.Debug|Any CPU.ActiveCfg = Debug|Any CPU
		{D1D9BC0C-03B5-4094-B21E-CD36F2A93E1B}.Debug|Any CPU.Build.0 = Debug|Any CPU
		{D1D9BC0C-03B5-4094-B21E-CD36F2A93E1B}.Release|Any CPU.ActiveCfg = Release|Any CPU
		{D1D9BC0C-03B5-4094-B21E-CD36F2A93E1B}.Release|Any CPU.Build.0 = Release|Any CPU
		{C32014F2-E420-4AE9-BF38-01806FE708C5}.Debug|Any CPU.ActiveCfg = Debug|Any CPU
		{C32014F2-E420-4AE9-BF38-01806FE708C5}.Debug|Any CPU.Build.0 = Debug|Any CPU
		{C32014F2-E420-4AE9-BF38-01806FE708C5}.Release|Any CPU.ActiveCfg = Release|Any CPU
		{C32014F2-E420-4AE9-BF38-01806FE708C5}.Release|Any CPU.Build.0 = Release|Any CPU
		{82A1A747-57FC-4EC0-B42A-EF23AB39A909}.Debug|Any CPU.ActiveCfg = Debug|Any CPU
		{82A1A747-57FC-4EC0-B42A-EF23AB39A909}.Debug|Any CPU.Build.0 = Debug|Any CPU
		{82A1A747-57FC-4EC0-B42A-EF23AB39A909}.Release|Any CPU.ActiveCfg = Release|Any CPU
		{82A1A747-57FC-4EC0-B42A-EF23AB39A909}.Release|Any CPU.Build.0 = Release|Any CPU
		{C23CA96C-FA33-4164-A2F5-E13BB2496FFB}.Debug|Any CPU.ActiveCfg = Debug|Any CPU
		{C23CA96C-FA33-4164-A2F5-E13BB2496FFB}.Debug|Any CPU.Build.0 = Debug|Any CPU
		{C23CA96C-FA33-4164-A2F5-E13BB2496FFB}.Release|Any CPU.ActiveCfg = Release|Any CPU
		{C23CA96C-FA33-4164-A2F5-E13BB2496FFB}.Release|Any CPU.Build.0 = Release|Any CPU
		{E7734185-B93D-4DD8-B0ED-C34609DA1984}.Debug|Any CPU.ActiveCfg = Debug|Any CPU
		{E7734185-B93D-4DD8-B0ED-C34609DA1984}.Debug|Any CPU.Build.0 = Debug|Any CPU
		{E7734185-B93D-4DD8-B0ED-C34609DA1984}.Release|Any CPU.ActiveCfg = Release|Any CPU
		{E7734185-B93D-4DD8-B0ED-C34609DA1984}.Release|Any CPU.Build.0 = Release|Any CPU
		{78E7B1B7-FD40-4F4D-BCED-55F7C48049E3}.Debug|Any CPU.ActiveCfg = Debug|Any CPU
		{78E7B1B7-FD40-4F4D-BCED-55F7C48049E3}.Debug|Any CPU.Build.0 = Debug|Any CPU
		{78E7B1B7-FD40-4F4D-BCED-55F7C48049E3}.Release|Any CPU.ActiveCfg = Release|Any CPU
		{78E7B1B7-FD40-4F4D-BCED-55F7C48049E3}.Release|Any CPU.Build.0 = Release|Any CPU
		{FF06C8DC-785B-49D0-BC88-AA3611C821F1}.Debug|Any CPU.ActiveCfg = Debug|Any CPU
		{FF06C8DC-785B-49D0-BC88-AA3611C821F1}.Debug|Any CPU.Build.0 = Debug|Any CPU
		{FF06C8DC-785B-49D0-BC88-AA3611C821F1}.Release|Any CPU.ActiveCfg = Release|Any CPU
		{FF06C8DC-785B-49D0-BC88-AA3611C821F1}.Release|Any CPU.Build.0 = Release|Any CPU
		{FBD4C6D0-E7AC-4C03-A768-637C8A00C403}.Debug|Any CPU.ActiveCfg = Debug|Any CPU
		{FBD4C6D0-E7AC-4C03-A768-637C8A00C403}.Debug|Any CPU.Build.0 = Debug|Any CPU
		{FBD4C6D0-E7AC-4C03-A768-637C8A00C403}.Release|Any CPU.ActiveCfg = Release|Any CPU
		{FBD4C6D0-E7AC-4C03-A768-637C8A00C403}.Release|Any CPU.Build.0 = Release|Any CPU
		{498C8A7C-9E35-481A-8EEB-5175B3027441}.Debug|Any CPU.ActiveCfg = Debug|Any CPU
		{498C8A7C-9E35-481A-8EEB-5175B3027441}.Debug|Any CPU.Build.0 = Debug|Any CPU
		{498C8A7C-9E35-481A-8EEB-5175B3027441}.Release|Any CPU.ActiveCfg = Release|Any CPU
		{498C8A7C-9E35-481A-8EEB-5175B3027441}.Release|Any CPU.Build.0 = Release|Any CPU
		{2D86876B-CDC6-4DBA-B855-51DED0B21C52}.Debug|Any CPU.ActiveCfg = Debug|Any CPU
		{2D86876B-CDC6-4DBA-B855-51DED0B21C52}.Debug|Any CPU.Build.0 = Debug|Any CPU
		{2D86876B-CDC6-4DBA-B855-51DED0B21C52}.Release|Any CPU.ActiveCfg = Release|Any CPU
		{2D86876B-CDC6-4DBA-B855-51DED0B21C52}.Release|Any CPU.Build.0 = Release|Any CPU
		{B0060296-5BB0-45BF-A4D6-F041C09109A7}.Debug|Any CPU.ActiveCfg = Debug|Any CPU
		{B0060296-5BB0-45BF-A4D6-F041C09109A7}.Debug|Any CPU.Build.0 = Debug|Any CPU
		{B0060296-5BB0-45BF-A4D6-F041C09109A7}.Release|Any CPU.ActiveCfg = Release|Any CPU
		{B0060296-5BB0-45BF-A4D6-F041C09109A7}.Release|Any CPU.Build.0 = Release|Any CPU
		{6D7AE56E-C2F7-48CE-A4C0-8FAFAA225B7F}.Debug|Any CPU.ActiveCfg = Debug|Any CPU
		{6D7AE56E-C2F7-48CE-A4C0-8FAFAA225B7F}.Debug|Any CPU.Build.0 = Debug|Any CPU
		{6D7AE56E-C2F7-48CE-A4C0-8FAFAA225B7F}.Release|Any CPU.ActiveCfg = Release|Any CPU
		{6D7AE56E-C2F7-48CE-A4C0-8FAFAA225B7F}.Release|Any CPU.Build.0 = Release|Any CPU
		{954924FB-9CE1-4A6E-BBCA-E84F17CF31F1}.Debug|Any CPU.ActiveCfg = Debug|Any CPU
		{954924FB-9CE1-4A6E-BBCA-E84F17CF31F1}.Debug|Any CPU.Build.0 = Debug|Any CPU
		{954924FB-9CE1-4A6E-BBCA-E84F17CF31F1}.Release|Any CPU.ActiveCfg = Release|Any CPU
		{954924FB-9CE1-4A6E-BBCA-E84F17CF31F1}.Release|Any CPU.Build.0 = Release|Any CPU
	EndGlobalSection
EndGlobal
